
Microsoft Visual Studio Solution File, Format Version 12.00
# Visual Studio 15
VisualStudioVersion = 15.0.27428.2037
MinimumVisualStudioVersion = 10.0.40219.1
Project("{9A19103F-16F7-4668-BE54-9A1E7A4F7556}") = "RefreshResources", "RefreshResources\RefreshResources.csproj", "{286F9BA5-AFF4-42CC-9410-99D6C30CDC21}"
EndProject
Global
	GlobalSection(SolutionConfigurationPlatforms) = preSolution
		Debug|Any CPU = Debug|Any CPU
		Release|Any CPU = Release|Any CPU
	EndGlobalSection
	GlobalSection(ProjectConfigurationPlatforms) = postSolution
		{286F9BA5-AFF4-42CC-9410-99D6C30CDC21}.Debug|Any CPU.ActiveCfg = Debug|Any CPU
		{286F9BA5-AFF4-42CC-9410-99D6C30CDC21}.Debug|Any CPU.Build.0 = Debug|Any CPU
		{286F9BA5-AFF4-42CC-9410-99D6C30CDC21}.Release|Any CPU.ActiveCfg = Release|Any CPU
		{286F9BA5-AFF4-42CC-9410-99D6C30CDC21}.Release|Any CPU.Build.0 = Release|Any CPU
	EndGlobalSection
	GlobalSection(SolutionProperties) = preSolution
		HideSolutionNode = FALSE
	EndGlobalSection
	GlobalSection(ExtensibilityGlobals) = postSolution
		SolutionGuid = {6CF05F13-D2F6-4BDC-9DF1-5A035C9A1858}
	EndGlobalSection
EndGlobal
